
Microsoft Visual Studio Solution File, Format Version 12.00
# Visual Studio 15
VisualStudioVersion = 15.0.27004.2005
MinimumVisualStudioVersion = 10.0.40219.1
Project("{FAE04EC0-301F-11D3-BF4B-00C04F79EFBC}") = "LeitorProgramaFramework", "LeitorProgramaFramework\LeitorProgramaFramework.csproj", "{54A8EF7E-889A-4AD4-BC17-8B481050DC42}"
EndProject
Global
	GlobalSection(SolutionConfigurationPlatforms) = preSolution
		Debug|Any CPU = Debug|Any CPU
		Release|Any CPU = Release|Any CPU
	EndGlobalSection
	GlobalSection(ProjectConfigurationPlatforms) = postSolution
		{54A8EF7E-889A-4AD4-BC17-8B481050DC42}.Debug|Any CPU.ActiveCfg = Debug|Any CPU
		{54A8EF7E-889A-4AD4-BC17-8B481050DC42}.Debug|Any CPU.Build.0 = Debug|Any CPU
		{54A8EF7E-889A-4AD4-BC17-8B481050DC42}.Release|Any CPU.ActiveCfg = Release|Any CPU
		{54A8EF7E-889A-4AD4-BC17-8B481050DC42}.Release|Any CPU.Build.0 = Release|Any CPU
	EndGlobalSection
	GlobalSection(SolutionProperties) = preSolution
		HideSolutionNode = FALSE
	EndGlobalSection
	GlobalSection(ExtensibilityGlobals) = postSolution
		SolutionGuid = {03E0AB1E-F3AE-4AB4-9485-30FFF3F5D497}
	EndGlobalSection
EndGlobal
